
Microsoft Visual Studio Solution File, Format Version 12.00
# Visual Studio Version 16
VisualStudioVersion = 16.0.31729.503
MinimumVisualStudioVersion = 10.0.40219.1
Project("{9A19103F-16F7-4668-BE54-9A1E7A4F7556}") = "Interfaces", "Interfaces.csproj", "{DF9A3179-C2BA-4563-ADFF-1A2635F58A99}"
EndProject
Project("{FAE04EC0-301F-11D3-BF4B-00C04F79EFBC}") = "Extensibility", "..\Extensibility\Extensibility.csproj", "{7B50496C-171C-4CAF-94C3-2E3D1007B3B3}"
EndProject
Project("{FAE04EC0-301F-11D3-BF4B-00C04F79EFBC}") = "MultipleInheritance", "..\MultipleInheritance\MultipleInheritance.csproj", "{A9D4E382-1A2C-4707-96A7-CCED95D67898}"
EndProject
Global
	GlobalSection(SolutionConfigurationPlatforms) = preSolution
		Debug|Any CPU = Debug|Any CPU
		Release|Any CPU = Release|Any CPU
	EndGlobalSection
	GlobalSection(ProjectConfigurationPlatforms) = postSolution
		{DF9A3179-C2BA-4563-ADFF-1A2635F58A99}.Debug|Any CPU.ActiveCfg = Debug|Any CPU
		{DF9A3179-C2BA-4563-ADFF-1A2635F58A99}.Debug|Any CPU.Build.0 = Debug|Any CPU
		{DF9A3179-C2BA-4563-ADFF-1A2635F58A99}.Release|Any CPU.ActiveCfg = Release|Any CPU
		{DF9A3179-C2BA-4563-ADFF-1A2635F58A99}.Release|Any CPU.Build.0 = Release|Any CPU
		{7B50496C-171C-4CAF-94C3-2E3D1007B3B3}.Debug|Any CPU.ActiveCfg = Debug|Any CPU
		{7B50496C-171C-4CAF-94C3-2E3D1007B3B3}.Debug|Any CPU.Build.0 = Debug|Any CPU
		{7B50496C-171C-4CAF-94C3-2E3D1007B3B3}.Release|Any CPU.ActiveCfg = Release|Any CPU
		{7B50496C-171C-4CAF-94C3-2E3D1007B3B3}.Release|Any CPU.Build.0 = Release|Any CPU
		{A9D4E382-1A2C-4707-96A7-CCED95D67898}.Debug|Any CPU.ActiveCfg = Debug|Any CPU
		{A9D4E382-1A2C-4707-96A7-CCED95D67898}.Debug|Any CPU.Build.0 = Debug|Any CPU
		{A9D4E382-1A2C-4707-96A7-CCED95D67898}.Release|Any CPU.ActiveCfg = Release|Any CPU
		{A9D4E382-1A2C-4707-96A7-CCED95D67898}.Release|Any CPU.Build.0 = Release|Any CPU
	EndGlobalSection
	GlobalSection(SolutionProperties) = preSolution
		HideSolutionNode = FALSE
	EndGlobalSection
	GlobalSection(ExtensibilityGlobals) = postSolution
		SolutionGuid = {0E41C0E8-75EF-4CDC-823E-93187560FBD3}
	EndGlobalSection
EndGlobal
